
Microsoft Visual Studio Solution File, Format Version 12.00
# Visual Studio Version 17
VisualStudioVersion = 17.14.36301.6 d17.14
MinimumVisualStudioVersion = 10.0.40219.1
Project("{FAE04EC0-301F-11D3-BF4B-00C04F79EFBC}") = "Accounting.Ui", "Accounting.Ui\Accounting.Ui.csproj", "{C52246C6-76B9-4F48-9BF1-C69308AA134F}"
EndProject
Project("{FAE04EC0-301F-11D3-BF4B-00C04F79EFBC}") = "Accounting.DataLayer", "Accounting.DataLayer\Accounting.DataLayer.csproj", "{1006D684-70C5-4642-A282-9754362E9CF0}"
EndProject
Project("{FAE04EC0-301F-11D3-BF4B-00C04F79EFBC}") = "Accounting.Business", "Accounting.Business\Accounting.Business.csproj", "{3D0E6875-7F67-4FE7-A4A9-DFC8C1E1EB2B}"
EndProject
Project("{FAE04EC0-301F-11D3-BF4B-00C04F79EFBC}") = "Accounting.ViewModels", "Accounting.ViewModels\Accounting.ViewModels.csproj", "{75261759-93BA-471C-B0B2-972AED561F05}"
EndProject
Project("{FAE04EC0-301F-11D3-BF4B-00C04F79EFBC}") = "Accounting.Utility", "Accounting.Utility\Accounting.Utility.csproj", "{F1A0A3CF-A828-4CAA-87FD-5D3C9216D85D}"
EndProject
Project("{FAE04EC0-301F-11D3-BF4B-00C04F79EFBC}") = "ConsoleApp1", "ConsoleApp1\ConsoleApp1.csproj", "{E9B45AF4-3CBD-4C70-A366-9F1F566E5EF6}"
EndProject
Global
	GlobalSection(SolutionConfigurationPlatforms) = preSolution
		Debug|Any CPU = Debug|Any CPU
		Release|Any CPU = Release|Any CPU
	EndGlobalSection
	GlobalSection(ProjectConfigurationPlatforms) = postSolution
		{C52246C6-76B9-4F48-9BF1-C69308AA134F}.Debug|Any CPU.ActiveCfg = Debug|Any CPU
		{C52246C6-76B9-4F48-9BF1-C69308AA134F}.Debug|Any CPU.Build.0 = Debug|Any CPU
		{C52246C6-76B9-4F48-9BF1-C69308AA134F}.Release|Any CPU.ActiveCfg = Release|Any CPU
		{C52246C6-76B9-4F48-9BF1-C69308AA134F}.Release|Any CPU.Build.0 = Release|Any CPU
		{1006D684-70C5-4642-A282-9754362E9CF0}.Debug|Any CPU.ActiveCfg = Debug|Any CPU
		{1006D684-70C5-4642-A282-9754362E9CF0}.Debug|Any CPU.Build.0 = Debug|Any CPU
		{1006D684-70C5-4642-A282-9754362E9CF0}.Release|Any CPU.ActiveCfg = Release|Any CPU
		{1006D684-70C5-4642-A282-9754362E9CF0}.Release|Any CPU.Build.0 = Release|Any CPU
		{3D0E6875-7F67-4FE7-A4A9-DFC8C1E1EB2B}.Debug|Any CPU.ActiveCfg = Debug|Any CPU
		{3D0E6875-7F67-4FE7-A4A9-DFC8C1E1EB2B}.Debug|Any CPU.Build.0 = Debug|Any CPU
		{3D0E6875-7F67-4FE7-A4A9-DFC8C1E1EB2B}.Release|Any CPU.ActiveCfg = Release|Any CPU
		{3D0E6875-7F67-4FE7-A4A9-DFC8C1E1EB2B}.Release|Any CPU.Build.0 = Release|Any CPU
		{75261759-93BA-471C-B0B2-972AED561F05}.Debug|Any CPU.ActiveCfg = Debug|Any CPU
		{75261759-93BA-471C-B0B2-972AED561F05}.Debug|Any CPU.Build.0 = Debug|Any CPU
		{75261759-93BA-471C-B0B2-972AED561F05}.Release|Any CPU.ActiveCfg = Release|Any CPU
		{75261759-93BA-471C-B0B2-972AED561F05}.Release|Any CPU.Build.0 = Release|Any CPU
		{F1A0A3CF-A828-4CAA-87FD-5D3C9216D85D}.Debug|Any CPU.ActiveCfg = Debug|Any CPU
		{F1A0A3CF-A828-4CAA-87FD-5D3C9216D85D}.Debug|Any CPU.Build.0 = Debug|Any CPU
		{F1A0A3CF-A828-4CAA-87FD-5D3C9216D85D}.Release|Any CPU.ActiveCfg = Release|Any CPU
		{F1A0A3CF-A828-4CAA-87FD-5D3C9216D85D}.Release|Any CPU.Build.0 = Release|Any CPU
		{E9B45AF4-3CBD-4C70-A366-9F1F566E5EF6}.Debug|Any CPU.ActiveCfg = Debug|Any CPU
		{E9B45AF4-3CBD-4C70-A366-9F1F566E5EF6}.Debug|Any CPU.Build.0 = Debug|Any CPU
		{E9B45AF4-3CBD-4C70-A366-9F1F566E5EF6}.Release|Any CPU.ActiveCfg = Release|Any CPU
		{E9B45AF4-3CBD-4C70-A366-9F1F566E5EF6}.Release|Any CPU.Build.0 = Release|Any CPU
	EndGlobalSection
	GlobalSection(SolutionProperties) = preSolution
		HideSolutionNode = FALSE
	EndGlobalSection
	GlobalSection(ExtensibilityGlobals) = postSolution
		SolutionGuid = {01C0B925-9AFF-4823-B6A8-170E451763D7}
	EndGlobalSection
EndGlobal
